// !$*UTF8*$!
{
	archiveVersion = 1;
	classes = {
	};
	objectVersion = 56;
	objects = {

/* Begin PBXBuildFile section */
		448D4D4E2FEA0D970008718A /* Cartography in Frameworks */ = {isa = PBXBuildFile; productRef = 448D4D4D2FEA0D970008718A /* Cartography */; };
		448D4D512FEA0EFC0008718A /* Alamofire in Frameworks */ = {isa = PBXBuildFile; productRef = 448D4D502FEA0EFC0008718A /* Alamofire */; };
		448D4D532FEA0EFC0008718A /* AlamofireDynamic in Frameworks */ = {isa = PBXBuildFile; productRef = 448D4D522FEA0EFC0008718A /* AlamofireDynamic */; };
		448D4D5F2FEA1C310008718A /* URLRequestBuilder.swift in Sources */ = {isa = PBXBuildFile; fileRef = 448D4D5D2FEA1C310008718A /* URLRequestBuilder.swift */; };
		448D4D602FEA1C310008718A /* ParameterEncoding.swift in Sources */ = {isa = PBXBuildFile; fileRef = 448D4D5C2FEA1C310008718A /* ParameterEncoding.swift */; };
		448D4D612FEA1C310008718A /* NetworkError.swift in Sources */ = {isa = PBXBuildFile; fileRef = 448D4D5A2FEA1C310008718A /* NetworkError.swift */; };
		448D4D622FEA1C310008718A /* URLRequestBuilder+Extension.swift in Sources */ = {isa = PBXBuildFile; fileRef = 448D4D5E2FEA1C310008718A /* URLRequestBuilder+Extension.swift */; };
		448D4D632FEA1C310008718A /* NetworkService.swift in Sources */ = {isa = PBXBuildFile; fileRef = 448D4D5B2FEA1C310008718A /* NetworkService.swift */; };
		448D4D642FEA1C310008718A /* HTTPMethod.swift in Sources */ = {isa = PBXBuildFile; fileRef = 448D4D592FEA1C310008718A /* HTTPMethod.swift */; };
		AA000001000000000000001A /* AppDelegate.swift in Sources */ = {isa = PBXBuildFile; fileRef = AA000001000000000000001B /* AppDelegate.swift */; };
		AA000001000000000000002A /* ViewController.swift in Sources */ = {isa = PBXBuildFile; fileRef = AA000001000000000000002B /* ViewController.swift */; };
/* End PBXBuildFile section */

/* Begin PBXFileReference section */
		448D4D592FEA1C310008718A /* HTTPMethod.swift */ = {isa = PBXFileReference; lastKnownFileType = sourcecode.swift; path = HTTPMethod.swift; sourceTree = "<group>"; };
		448D4D5A2FEA1C310008718A /* NetworkError.swift */ = {isa = PBXFileReference; lastKnownFileType = sourcecode.swift; path = NetworkError.swift; sourceTree = "<group>"; };
		448D4D5B2FEA1C310008718A /* NetworkService.swift */ = {isa = PBXFileReference; lastKnownFileType = sourcecode.swift; path = NetworkService.swift; sourceTree = "<group>"; };
		448D4D5C2FEA1C310008718A /* ParameterEncoding.swift */ = {isa = PBXFileReference; lastKnownFileType = sourcecode.swift; path = ParameterEncoding.swift; sourceTree = "<group>"; };
		448D4D5D2FEA1C310008718A /* URLRequestBuilder.swift */ = {isa = PBXFileReference; lastKnownFileType = sourcecode.swift; path = URLRequestBuilder.swift; sourceTree = "<group>"; };
		448D4D5E2FEA1C310008718A /* URLRequestBuilder+Extension.swift */ = {isa = PBXFileReference; lastKnownFileType = sourcecode.swift; path = "URLRequestBuilder+Extension.swift"; sourceTree = "<group>"; };
		AA000001000000000000000A /* cineteca.app */ = {isa = PBXFileReference; explicitFileType = wrapper.application; includeInIndex = 0; path = cineteca.app; sourceTree = BUILT_PRODUCTS_DIR; };
		AA000001000000000000001B /* AppDelegate.swift */ = {isa = PBXFileReference; lastKnownFileType = sourcecode.swift; path = AppDelegate.swift; sourceTree = "<group>"; };
		AA000001000000000000002B /* ViewController.swift */ = {isa = PBXFileReference; lastKnownFileType = sourcecode.swift; path = ViewController.swift; sourceTree = "<group>"; };
		AA000001000000000000003B /* Info.plist */ = {isa = PBXFileReference; lastKnownFileType = text.plist.xml; path = Info.plist; sourceTree = "<group>"; };
/* End PBXFileReference section */

/* Begin PBXFrameworksBuildPhase section */
		AA000001000000000000004A /* Frameworks */ = {
			isa = PBXFrameworksBuildPhase;
			buildActionMask = 2147483647;
			files = (
				448D4D4E2FEA0D970008718A /* Cartography in Frameworks */,
				448D4D532FEA0EFC0008718A /* AlamofireDynamic in Frameworks */,
				448D4D512FEA0EFC0008718A /* Alamofire in Frameworks */,
			);
			runOnlyForDeploymentPostprocessing = 0;
		};
/* End PBXFrameworksBuildPhase section */

/* Begin PBXGroup section */
		448D4C252FEA0A800008718A /* Presentation */ = {
			isa = PBXGroup;
			children = (
			);
			path = Presentation;
			sourceTree = "<group>";
		};
		448D4C262FEA0A870008718A /* Domain */ = {
			isa = PBXGroup;
			children = (
			);
			path = Domain;
			sourceTree = "<group>";
		};
		448D4C272FEA0A8C0008718A /* Data */ = {
			isa = PBXGroup;
			children = (
				448D4D582FEA1C280008718A /* Networking */,
			);
			path = Data;
			sourceTree = "<group>";
		};
		448D4D582FEA1C280008718A /* Networking */ = {
			isa = PBXGroup;
			children = (
				448D4D592FEA1C310008718A /* HTTPMethod.swift */,
				448D4D5A2FEA1C310008718A /* NetworkError.swift */,
				448D4D5B2FEA1C310008718A /* NetworkService.swift */,
				448D4D5C2FEA1C310008718A /* ParameterEncoding.swift */,
				448D4D5D2FEA1C310008718A /* URLRequestBuilder.swift */,
				448D4D5E2FEA1C310008718A /* URLRequestBuilder+Extension.swift */,
			);
			path = Networking;
			sourceTree = "<group>";
		};
		AA000001000000000000005A /* cineteca */ = {
			isa = PBXGroup;
			children = (
				448D4C272FEA0A8C0008718A /* Data */,
				448D4C262FEA0A870008718A /* Domain */,
				448D4C252FEA0A800008718A /* Presentation */,
				AA000001000000000000001B /* AppDelegate.swift */,
				AA000001000000000000002B /* ViewController.swift */,
				AA000001000000000000003B /* Info.plist */,
			);
			path = cineteca;
			sourceTree = "<group>";
		};
		AA000001000000000000006A /* Products */ = {
			isa = PBXGroup;
			children = (
				AA000001000000000000000A /* cineteca.app */,
			);
			name = Products;
			sourceTree = "<group>";
		};
		AA000001000000000000007A = {
			isa = PBXGroup;
			children = (
				AA000001000000000000005A /* cineteca */,
				AA000001000000000000006A /* Products */,
			);
			sourceTree = "<group>";
		};
/* End PBXGroup section */

/* Begin PBXNativeTarget section */
		AA000001000000000000008A /* cineteca */ = {
			isa = PBXNativeTarget;
			buildConfigurationList = AA000001000000000000009A /* Build configuration list for PBXNativeTarget "cineteca" */;
			buildPhases = (
				AA000001000000000000010A /* Sources */,
				AA000001000000000000004A /* Frameworks */,
				AA000001000000000000011A /* Resources */,
			);
			buildRules = (
			);
			dependencies = (
			);
			name = cineteca;
			productName = cineteca;
			productReference = AA000001000000000000000A /* cineteca.app */;
			productType = "com.apple.product-type.application";
		};
/* End PBXNativeTarget section */

/* Begin PBXProject section */
		AA000001000000000000012A /* Project object */ = {
			isa = PBXProject;
			attributes = {
				BuildIndependentTargetsInParallel = 1;
				LastSwiftUpdateCheck = 1500;
				LastUpgradeCheck = 1500;
				TargetAttributes = {
					AA000001000000000000008A = {
						CreatedOnToolsVersion = 15.0;
					};
				};
			};
			buildConfigurationList = AA000001000000000000013A /* Build configuration list for PBXProject "cineteca" */;
			compatibilityVersion = "Xcode 14.0";
			developmentRegion = en;
			hasScannedForEncodings = 0;
			knownRegions = (
				en,
				Base,
			);
			mainGroup = AA000001000000000000007A;
			packageReferences = (
				448D4D4C2FEA0D970008718A /* XCRemoteSwiftPackageReference "Cartography" */,
			);
			productRefGroup = AA000001000000000000006A /* Products */;
			projectDirPath = "";
			projectRoot = "";
			targets = (
				AA000001000000000000008A /* cineteca */,
			);
		};
/* End PBXProject section */

/* Begin PBXResourcesBuildPhase section */
		AA000001000000000000011A /* Resources */ = {
			isa = PBXResourcesBuildPhase;
			buildActionMask = 2147483647;
			files = (
			);
			runOnlyForDeploymentPostprocessing = 0;
		};
/* End PBXResourcesBuildPhase section */

/* Begin PBXSourcesBuildPhase section */
		AA000001000000000000010A /* Sources */ = {
			isa = PBXSourcesBuildPhase;
			buildActionMask = 2147483647;
			files = (
				AA000001000000000000001A /* AppDelegate.swift in Sources */,
				AA000001000000000000002A /* ViewController.swift in Sources */,
				448D4D5F2FEA1C310008718A /* URLRequestBuilder.swift in Sources */,
				448D4D602FEA1C310008718A /* ParameterEncoding.swift in Sources */,
				448D4D612FEA1C310008718A /* NetworkError.swift in Sources */,
				448D4D622FEA1C310008718A /* URLRequestBuilder+Extension.swift in Sources */,
				448D4D632FEA1C310008718A /* NetworkService.swift in Sources */,
				448D4D642FEA1C310008718A /* HTTPMethod.swift in Sources */,
			);
			runOnlyForDeploymentPostprocessing = 0;
		};
/* End PBXSourcesBuildPhase section */

/* Begin XCBuildConfiguration section */
		AA000001000000000000014A /* Debug */ = {
			isa = XCBuildConfiguration;
			buildSettings = {
				ALWAYS_SEARCH_USER_PATHS = NO;
				ASSETCATALOG_COMPILER_GENERATE_SWIFT_ASSET_SYMBOL_EXTENSIONS = YES;
				CLANG_ANALYZER_NONNULL = YES;
				CLANG_ANALYZER_NUMBER_OBJECT_CONVERSION = YES_AGGRESSIVE;
				CLANG_CXX_LANGUAGE_STANDARD = "gnu++20";
				CLANG_ENABLE_MODULES = YES;
				CLANG_ENABLE_OBJC_ARC = YES;
				CLANG_ENABLE_OBJC_WEAK = YES;
				CLANG_WARN_BLOCK_CAPTURE_AUTORELEASING = YES;
				CLANG_WARN_BOOL_CONVERSION = YES;
				CLANG_WARN_COMMA = YES;
				CLANG_WARN_CONSTANT_CONVERSION = YES;
				CLANG_WARN_DEPRECATED_OBJC_IMPLEMENTATIONS = YES;
				CLANG_WARN_DIRECT_OBJC_ISA_USAGE = YES_ERROR;
				CLANG_WARN_DOCUMENTATION_COMMENTS = YES;
				CLANG_WARN_EMPTY_BODY = YES;
				CLANG_WARN_ENUM_CONVERSION = YES;
				CLANG_WARN_INFINITE_RECURSION = YES;
				CLANG_WARN_INT_CONVERSION = YES;
				CLANG_WARN_NON_LITERAL_NULL_CONVERSION = YES;
				CLANG_WARN_OBJC_IMPLICIT_RETAIN_SELF = YES;
				CLANG_WARN_OBJC_LITERAL_CONVERSION = YES;
				CLANG_WARN_OBJC_ROOT_CLASS = YES_ERROR;
				CLANG_WARN_QUOTED_INCLUDE_IN_FRAMEWORK_HEADER = YES;
				CLANG_WARN_RANGE_LOOP_ANALYSIS = YES;
				CLANG_WARN_STRICT_PROTOTYPES = YES;
				CLANG_WARN_SUSPICIOUS_MOVE = YES;
				CLANG_WARN_UNGUARDED_AVAILABILITY = YES_AGGRESSIVE;
				CLANG_WARN_UNREACHABLE_CODE = YES;
				CLANG_WARN__DUPLICATE_METHOD_MATCH = YES;
				COPY_PHASE_STRIP = NO;
				DEBUG_INFORMATION_FORMAT = dwarf;
				ENABLE_STRICT_OBJC_MSGSEND = YES;
				ENABLE_TESTABILITY = YES;
				ENABLE_USER_SCRIPT_SANDBOXING = YES;
				GCC_C_LANGUAGE_STANDARD = gnu17;
				GCC_DYNAMIC_NO_PIC = NO;
				GCC_NO_COMMON_BLOCKS = YES;
				GCC_OPTIMIZATION_LEVEL = 0;
				GCC_PREPROCESSOR_DEFINITIONS = (
					"DEBUG=1",
					"$(inherited)",
				);
				GCC_WARN_64_TO_32_BIT_CONVERSION = YES;
				GCC_WARN_ABOUT_RETURN_TYPE = YES_ERROR;
				GCC_WARN_UNDECLARED_SELECTOR = YES;
				GCC_WARN_UNINITIALIZED_AUTOS = YES_AGGRESSIVE;
				GCC_WARN_UNUSED_FUNCTION = YES;
				GCC_WARN_UNUSED_VARIABLE = YES;
				IPHONEOS_DEPLOYMENT_TARGET = 17.0;
				MTL_ENABLE_DEBUG_INFO = INCLUDE_SOURCE;
				MTL_FAST_MATH = YES;
				ONLY_ACTIVE_ARCH = YES;
				SDKROOT = iphoneos;
				SWIFT_ACTIVE_COMPILATION_CONDITIONS = "DEBUG $(inherited)";
				SWIFT_OPTIMIZATION_LEVEL = "-Onone";
			};
			name = Debug;
		};
		AA000001000000000000015A /* Release */ = {
			isa = XCBuildConfiguration;
			buildSettings = {
				ALWAYS_SEARCH_USER_PATHS = NO;
				ASSETCATALOG_COMPILER_GENERATE_SWIFT_ASSET_SYMBOL_EXTENSIONS = YES;
				CLANG_ANALYZER_NONNULL = YES;
				CLANG_ANALYZER_NUMBER_OBJECT_CONVERSION = YES_AGGRESSIVE;
				CLANG_CXX_LANGUAGE_STANDARD = "gnu++20";
				CLANG_ENABLE_MODULES = YES;
				CLANG_ENABLE_OBJC_ARC = YES;
				CLANG_ENABLE_OBJC_WEAK = YES;
				CLANG_WARN_BLOCK_CAPTURE_AUTORELEASING = YES;
				CLANG_WARN_BOOL_CONVERSION = YES;
				CLANG_WARN_COMMA = YES;
				CLANG_WARN_CONSTANT_CONVERSION = YES;
				CLANG_WARN_DEPRECATED_OBJC_IMPLEMENTATIONS = YES;
				CLANG_WARN_DIRECT_OBJC_ISA_USAGE = YES_ERROR;
				CLANG_WARN_DOCUMENTATION_COMMENTS = YES;
				CLANG_WARN_EMPTY_BODY = YES;
				CLANG_WARN_ENUM_CONVERSION = YES;
				CLANG_WARN_INFINITE_RECURSION = YES;
				CLANG_WARN_INT_CONVERSION = YES;
				CLANG_WARN_NON_LITERAL_NULL_CONVERSION = YES;
				CLANG_WARN_OBJC_IMPLICIT_RETAIN_SELF = YES;
				CLANG_WARN_OBJC_LITERAL_CONVERSION = YES;
				CLANG_WARN_OBJC_ROOT_CLASS = YES_ERROR;
				CLANG_WARN_QUOTED_INCLUDE_IN_FRAMEWORK_HEADER = YES;
				CLANG_WARN_RANGE_LOOP_ANALYSIS = YES;
				CLANG_WARN_STRICT_PROTOTYPES = YES;
				CLANG_WARN_SUSPICIOUS_MOVE = YES;
				CLANG_WARN_UNGUARDED_AVAILABILITY = YES_AGGRESSIVE;
				CLANG_WARN_UNREACHABLE_CODE = YES;
				CLANG_WARN__DUPLICATE_METHOD_MATCH = YES;
				COPY_PHASE_STRIP = NO;
				DEBUG_INFORMATION_FORMAT = "dwarf-with-dsym";
				ENABLE_NS_ASSERTIONS = NO;
				ENABLE_STRICT_OBJC_MSGSEND = YES;
				ENABLE_USER_SCRIPT_SANDBOXING = YES;
				GCC_C_LANGUAGE_STANDARD = gnu17;
				GCC_NO_COMMON_BLOCKS = YES;
				GCC_WARN_64_TO_32_BIT_CONVERSION = YES;
				GCC_WARN_ABOUT_RETURN_TYPE = YES_ERROR;
				GCC_WARN_UNDECLARED_SELECTOR = YES;
				GCC_WARN_UNINITIALIZED_AUTOS = YES_AGGRESSIVE;
				GCC_WARN_UNUSED_FUNCTION = YES;
				GCC_WARN_UNUSED_VARIABLE = YES;
				IPHONEOS_DEPLOYMENT_TARGET = 17.0;
				MTL_FAST_MATH = YES;
				SDKROOT = iphoneos;
				SWIFT_COMPILATION_MODE = wholemodule;
				VALIDATE_PRODUCT = YES;
			};
			name = Release;
		};
		AA000001000000000000016A /* Debug */ = {
			isa = XCBuildConfiguration;
			buildSettings = {
				ASSETCATALOG_COMPILER_APPICON_NAME = AppIcon;
				ASSETCATALOG_COMPILER_GLOBAL_ACCENT_COLOR_NAME = AccentColor;
				CODE_SIGN_STYLE = Automatic;
				CURRENT_PROJECT_VERSION = 1;
				GENERATE_INFOPLIST_FILE = NO;
				INFOPLIST_FILE = cineteca/Info.plist;
				IPHONEOS_DEPLOYMENT_TARGET = 17.0;
				LD_RUNPATH_SEARCH_PATHS = (
					"$(inherited)",
					"@executable_path/Frameworks",
				);
				MARKETING_VERSION = 1.0;
				PRODUCT_BUNDLE_IDENTIFIER = com.gilson.cineteca;
				PRODUCT_NAME = "$(TARGET_NAME)";
				SWIFT_EMIT_LOC_STRINGS = YES;
				SWIFT_VERSION = 5.0;
				TARGETED_DEVICE_FAMILY = "1,2";
			};
			name = Debug;
		};
		AA000001000000000000017A /* Release */ = {
			isa = XCBuildConfiguration;
			buildSettings = {
				ASSETCATALOG_COMPILER_APPICON_NAME = AppIcon;
				ASSETCATALOG_COMPILER_GLOBAL_ACCENT_COLOR_NAME = AccentColor;
				CODE_SIGN_STYLE = Automatic;
				CURRENT_PROJECT_VERSION = 1;
				GENERATE_INFOPLIST_FILE = NO;
				INFOPLIST_FILE = cineteca/Info.plist;
				IPHONEOS_DEPLOYMENT_TARGET = 17.0;
				LD_RUNPATH_SEARCH_PATHS = (
					"$(inherited)",
					"@executable_path/Frameworks",
				);
				MARKETING_VERSION = 1.0;
				PRODUCT_BUNDLE_IDENTIFIER = com.gilson.cineteca;
				PRODUCT_NAME = "$(TARGET_NAME)";
				SWIFT_EMIT_LOC_STRINGS = YES;
				SWIFT_VERSION = 5.0;
				TARGETED_DEVICE_FAMILY = "1,2";
			};
			name = Release;
		};
/* End XCBuildConfiguration section */

/* Begin XCConfigurationList section */
		AA000001000000000000009A /* Build configuration list for PBXNativeTarget "cineteca" */ = {
			isa = XCConfigurationList;
			buildConfigurations = (
				AA000001000000000000016A /* Debug */,
				AA000001000000000000017A /* Release */,
			);
			defaultConfigurationIsVisible = 0;
			defaultConfigurationName = Release;
		};
		AA000001000000000000013A /* Build configuration list for PBXProject "cineteca" */ = {
			isa = XCConfigurationList;
			buildConfigurations = (
				AA000001000000000000014A /* Debug */,
				AA000001000000000000015A /* Release */,
			);
			defaultConfigurationIsVisible = 0;
			defaultConfigurationName = Release;
		};
/* End XCConfigurationList section */

/* Begin XCRemoteSwiftPackageReference section */
		448D4D4C2FEA0D970008718A /* XCRemoteSwiftPackageReference "Cartography" */ = {
			isa = XCRemoteSwiftPackageReference;
			repositoryURL = "https://github.com/robb/Cartography.git";
			requirement = {
				kind = upToNextMajorVersion;
				minimumVersion = 4.0.0;
			};
		};
		448D4D4F2FEA0EFC0008718A /* XCRemoteSwiftPackageReference "Alamofire" */ = {
			isa = XCRemoteSwiftPackageReference;
			repositoryURL = "https://github.com/Alamofire/Alamofire.git";
			requirement = {
				kind = upToNextMajorVersion;
				minimumVersion = 5.12.0;
			};
		};
/* End XCRemoteSwiftPackageReference section */

/* Begin XCSwiftPackageProductDependency section */
		448D4D4D2FEA0D970008718A /* Cartography */ = {
			isa = XCSwiftPackageProductDependency;
			package = 448D4D4C2FEA0D970008718A /* XCRemoteSwiftPackageReference "Cartography" */;
			productName = Cartography;
		};
		448D4D502FEA0EFC0008718A /* Alamofire */ = {
			isa = XCSwiftPackageProductDependency;
			package = 448D4D4F2FEA0EFC0008718A /* XCRemoteSwiftPackageReference "Alamofire" */;
			productName = Alamofire;
		};
		448D4D522FEA0EFC0008718A /* AlamofireDynamic */ = {
			isa = XCSwiftPackageProductDependency;
			package = 448D4D4F2FEA0EFC0008718A /* XCRemoteSwiftPackageReference "Alamofire" */;
			productName = AlamofireDynamic;
		};
/* End XCSwiftPackageProductDependency section */
	};
	rootObject = AA000001000000000000012A /* Project object */;
}
